
Microsoft Visual Studio Solution File, Format Version 12.00
# Visual Studio 14
VisualStudioVersion = 14.0.25420.1
MinimumVisualStudioVersion = 10.0.40219.1
Project("{FAE04EC0-301F-11D3-BF4B-00C04F79EFBC}") = "SQL.NoSQL.WEB", "SQL.NoSQL.WEB\SQL.NoSQL.WEB.csproj", "{55F4BA76-14CA-4F18-819B-B6B278D0094C}"
EndProject
Project("{FAE04EC0-301F-11D3-BF4B-00C04F79EFBC}") = "SQL.NoSQL.BLL", "SQL.NoSQL.BLL\SQL.NoSQL.BLL.csproj", "{55E6A5BB-8888-48C8-B8AE-CCA1733995F6}"
EndProject
Project("{FAE04EC0-301F-11D3-BF4B-00C04F79EFBC}") = "SQL.NoSQL.Library", "SQL.NoSQL.Library\SQL.NoSQL.Library.csproj", "{2E8977CE-EB5A-4321-9716-E1D4F4055C0D}"
EndProject
Global
	GlobalSection(SolutionConfigurationPlatforms) = preSolution
		Debug|Any CPU = Debug|Any CPU
		Release|Any CPU = Release|Any CPU
	EndGlobalSection
	GlobalSection(ProjectConfigurationPlatforms) = postSolution
		{55F4BA76-14CA-4F18-819B-B6B278D0094C}.Debug|Any CPU.ActiveCfg = Debug|Any CPU
		{55F4BA76-14CA-4F18-819B-B6B278D0094C}.Debug|Any CPU.Build.0 = Debug|Any CPU
		{55F4BA76-14CA-4F18-819B-B6B278D0094C}.Release|Any CPU.ActiveCfg = Release|Any CPU
		{55F4BA76-14CA-4F18-819B-B6B278D0094C}.Release|Any CPU.Build.0 = Release|Any CPU
		{55E6A5BB-8888-48C8-B8AE-CCA1733995F6}.Debug|Any CPU.ActiveCfg = Debug|Any CPU
		{55E6A5BB-8888-48C8-B8AE-CCA1733995F6}.Debug|Any CPU.Build.0 = Debug|Any CPU
		{55E6A5BB-8888-48C8-B8AE-CCA1733995F6}.Release|Any CPU.ActiveCfg = Release|Any CPU
		{55E6A5BB-8888-48C8-B8AE-CCA1733995F6}.Release|Any CPU.Build.0 = Release|Any CPU
		{2E8977CE-EB5A-4321-9716-E1D4F4055C0D}.Debug|Any CPU.ActiveCfg = Debug|Any CPU
		{2E8977CE-EB5A-4321-9716-E1D4F4055C0D}.Debug|Any CPU.Build.0 = Debug|Any CPU
		{2E8977CE-EB5A-4321-9716-E1D4F4055C0D}.Release|Any CPU.ActiveCfg = Release|Any CPU
		{2E8977CE-EB5A-4321-9716-E1D4F4055C0D}.Release|Any CPU.Build.0 = Release|Any CPU
	EndGlobalSection
	GlobalSection(SolutionProperties) = preSolution
		HideSolutionNode = FALSE
	EndGlobalSection
EndGlobal
